
Microsoft Visual Studio Solution File, Format Version 12.00
# Visual Studio 15
VisualStudioVersion = 15.0.26730.15
MinimumVisualStudioVersion = 10.0.40219.1
Project("{FAE04EC0-301F-11D3-BF4B-00C04F79EFBC}") = "AIAdventurers", "AIAdventurers\AIAdventurers.csproj", "{762A1671-BEBC-44E5-A8BF-19EF28D5DCF6}"
EndProject
Project("{9A19103F-16F7-4668-BE54-9A1E7A4F7556}") = "FireBase", "packages\firebase-database-dotnet\src\Firebase\FireBase.csproj", "{2400858F-F3EA-465D-A24E-12787A5A9291}"
EndProject
Global
	GlobalSection(SolutionConfigurationPlatforms) = preSolution
		Debug|Any CPU = Debug|Any CPU
		Release|Any CPU = Release|Any CPU
	EndGlobalSection
	GlobalSection(ProjectConfigurationPlatforms) = postSolution
		{762A1671-BEBC-44E5-A8BF-19EF28D5DCF6}.Debug|Any CPU.ActiveCfg = Debug|Any CPU
		{762A1671-BEBC-44E5-A8BF-19EF28D5DCF6}.Debug|Any CPU.Build.0 = Debug|Any CPU
		{762A1671-BEBC-44E5-A8BF-19EF28D5DCF6}.Release|Any CPU.ActiveCfg = Release|Any CPU
		{762A1671-BEBC-44E5-A8BF-19EF28D5DCF6}.Release|Any CPU.Build.0 = Release|Any CPU
		{2400858F-F3EA-465D-A24E-12787A5A9291}.Debug|Any CPU.ActiveCfg = Debug|Any CPU
		{2400858F-F3EA-465D-A24E-12787A5A9291}.Debug|Any CPU.Build.0 = Debug|Any CPU
		{2400858F-F3EA-465D-A24E-12787A5A9291}.Release|Any CPU.ActiveCfg = Release|Any CPU
		{2400858F-F3EA-465D-A24E-12787A5A9291}.Release|Any CPU.Build.0 = Release|Any CPU
	EndGlobalSection
	GlobalSection(SolutionProperties) = preSolution
		HideSolutionNode = FALSE
	EndGlobalSection
	GlobalSection(ExtensibilityGlobals) = postSolution
		SolutionGuid = {C49ECDAF-A542-4B21-B883-E458E04A1485}
	EndGlobalSection
EndGlobal
